
Microsoft Visual Studio Solution File, Format Version 11.00
# Visual Studio 2010
Project("{FAE04EC0-301F-11D3-BF4B-00C04F79EFBC}") = "Assembly-CSharp", "Assembly-CSharp.csproj", "{2B1494EE-C483-2E55-82E7-ABB596E7C019}"
EndProject
Project("{FAE04EC0-301F-11D3-BF4B-00C04F79EFBC}") = "Assembly-CSharp-Editor-firstpass", "Assembly-CSharp-Editor-firstpass.csproj", "{D0CB5A93-B6E3-14B1-803F-EFB07CEF6D68}"
EndProject
Global
	GlobalSection(SolutionConfigurationPlatforms) = preSolution
		Debug|Any CPU = Debug|Any CPU
		Release|Any CPU = Release|Any CPU
	EndGlobalSection
	GlobalSection(ProjectConfigurationPlatforms) = postSolution
		{2B1494EE-C483-2E55-82E7-ABB596E7C019}.Debug|Any CPU.ActiveCfg = Debug|Any CPU
		{2B1494EE-C483-2E55-82E7-ABB596E7C019}.Debug|Any CPU.Build.0 = Debug|Any CPU
		{2B1494EE-C483-2E55-82E7-ABB596E7C019}.Release|Any CPU.ActiveCfg = Release|Any CPU
		{2B1494EE-C483-2E55-82E7-ABB596E7C019}.Release|Any CPU.Build.0 = Release|Any CPU
		{D0CB5A93-B6E3-14B1-803F-EFB07CEF6D68}.Debug|Any CPU.ActiveCfg = Debug|Any CPU
		{D0CB5A93-B6E3-14B1-803F-EFB07CEF6D68}.Debug|Any CPU.Build.0 = Debug|Any CPU
		{D0CB5A93-B6E3-14B1-803F-EFB07CEF6D68}.Release|Any CPU.ActiveCfg = Release|Any CPU
		{D0CB5A93-B6E3-14B1-803F-EFB07CEF6D68}.Release|Any CPU.Build.0 = Release|Any CPU
	EndGlobalSection
	GlobalSection(SolutionProperties) = preSolution
		HideSolutionNode = FALSE
	EndGlobalSection
	GlobalSection(MonoDevelopProperties) = preSolution
		StartupItem = Assembly-CSharp.csproj
	EndGlobalSection
EndGlobal
